
Microsoft Visual Studio Solution File, Format Version 12.00
# Visual Studio 14
VisualStudioVersion = 14.0.25123.0
MinimumVisualStudioVersion = 10.0.40219.1
Project("{161ACD5A-74D2-436A-8BC1-E49764FC82EE}") = "Sitecore.Support.94953", "Sitecore.Support.94953\Sitecore.Support.94953.csproj", "{B583412A-394B-414E-81FD-F35248663B16}"
EndProject
Global
	GlobalSection(SolutionConfigurationPlatforms) = preSolution
		Debug|Any CPU = Debug|Any CPU
		Release|Any CPU = Release|Any CPU
	EndGlobalSection
	GlobalSection(ProjectConfigurationPlatforms) = postSolution
		{B583412A-394B-414E-81FD-F35248663B16}.Debug|Any CPU.ActiveCfg = Debug|Any CPU
		{B583412A-394B-414E-81FD-F35248663B16}.Debug|Any CPU.Build.0 = Debug|Any CPU
		{B583412A-394B-414E-81FD-F35248663B16}.Release|Any CPU.ActiveCfg = Release|Any CPU
		{B583412A-394B-414E-81FD-F35248663B16}.Release|Any CPU.Build.0 = Release|Any CPU
	EndGlobalSection
	GlobalSection(SolutionProperties) = preSolution
		HideSolutionNode = FALSE
	EndGlobalSection
EndGlobal
