
Microsoft Visual Studio Solution File, Format Version 12.00
# Visual Studio 14
VisualStudioVersion = 14.0.25123.0
MinimumVisualStudioVersion = 10.0.40219.1
Project("{122E1156-6628-4342-BE8E-053E63284506}") = "Sitecore.Support.94953", "Sitecore.Support.94953\Sitecore.Support.94953.csproj", "{39BEC2E8-A9AC-4EA6-92C1-38C587A8DFEE}"
EndProject
Global
	GlobalSection(SolutionConfigurationPlatforms) = preSolution
		Debug|Any CPU = Debug|Any CPU
		Release|Any CPU = Release|Any CPU
	EndGlobalSection
	GlobalSection(ProjectConfigurationPlatforms) = postSolution
		{39BEC2E8-A9AC-4EA6-92C1-38C587A8DFEE}.Debug|Any CPU.ActiveCfg = Debug|Any CPU
		{39BEC2E8-A9AC-4EA6-92C1-38C587A8DFEE}.Debug|Any CPU.Build.0 = Debug|Any CPU
		{39BEC2E8-A9AC-4EA6-92C1-38C587A8DFEE}.Release|Any CPU.ActiveCfg = Release|Any CPU
		{39BEC2E8-A9AC-4EA6-92C1-38C587A8DFEE}.Release|Any CPU.Build.0 = Release|Any CPU
	EndGlobalSection
	GlobalSection(SolutionProperties) = preSolution
		HideSolutionNode = FALSE
	EndGlobalSection
EndGlobal
